
Microsoft Visual Studio Solution File, Format Version 11.00
# Visual Studio 2010
Project("{FAE04EC0-301F-11D3-BF4B-00C04F79EFBC}") = "nc-unity-basicgame", "Assembly-CSharp.csproj", "{A53343CB-BF92-E21C-5C58-E9DD87B082A0}"
EndProject
Global
	GlobalSection(SolutionConfigurationPlatforms) = preSolution
		Debug|Any CPU = Debug|Any CPU
		Release|Any CPU = Release|Any CPU
	EndGlobalSection
	GlobalSection(ProjectConfigurationPlatforms) = postSolution
		{A53343CB-BF92-E21C-5C58-E9DD87B082A0}.Debug|Any CPU.ActiveCfg = Debug|Any CPU
		{A53343CB-BF92-E21C-5C58-E9DD87B082A0}.Debug|Any CPU.Build.0 = Debug|Any CPU
		{A53343CB-BF92-E21C-5C58-E9DD87B082A0}.Release|Any CPU.ActiveCfg = Release|Any CPU
		{A53343CB-BF92-E21C-5C58-E9DD87B082A0}.Release|Any CPU.Build.0 = Release|Any CPU
	EndGlobalSection
	GlobalSection(SolutionProperties) = preSolution
		HideSolutionNode = FALSE
	EndGlobalSection
	GlobalSection(MonoDevelopProperties) = preSolution
		StartupItem = Assembly-CSharp.csproj
	EndGlobalSection
EndGlobal
